
Microsoft Visual Studio Solution File, Format Version 12.00
# Visual Studio 15
VisualStudioVersion = 15.0.28307.902
MinimumVisualStudioVersion = 10.0.40219.1
Project("{FAE04EC0-301F-11D3-BF4B-00C04F79EFBC}") = "two", "two\two.csproj", "{99F85BC5-6A01-44EC-8FEE-91DFDDEA7B08}"
EndProject
Project("{FAE04EC0-301F-11D3-BF4B-00C04F79EFBC}") = "three", "three\three.csproj", "{788836B5-207B-45C0-B8C6-4390B2BECCA9}"
EndProject
Global
	GlobalSection(SolutionConfigurationPlatforms) = preSolution
		Debug|Any CPU = Debug|Any CPU
		Release|Any CPU = Release|Any CPU
	EndGlobalSection
	GlobalSection(ProjectConfigurationPlatforms) = postSolution
		{99F85BC5-6A01-44EC-8FEE-91DFDDEA7B08}.Debug|Any CPU.ActiveCfg = Debug|Any CPU
		{99F85BC5-6A01-44EC-8FEE-91DFDDEA7B08}.Debug|Any CPU.Build.0 = Debug|Any CPU
		{99F85BC5-6A01-44EC-8FEE-91DFDDEA7B08}.Release|Any CPU.ActiveCfg = Release|Any CPU
		{99F85BC5-6A01-44EC-8FEE-91DFDDEA7B08}.Release|Any CPU.Build.0 = Release|Any CPU
		{788836B5-207B-45C0-B8C6-4390B2BECCA9}.Debug|Any CPU.ActiveCfg = Debug|Any CPU
		{788836B5-207B-45C0-B8C6-4390B2BECCA9}.Debug|Any CPU.Build.0 = Debug|Any CPU
		{788836B5-207B-45C0-B8C6-4390B2BECCA9}.Release|Any CPU.ActiveCfg = Release|Any CPU
		{788836B5-207B-45C0-B8C6-4390B2BECCA9}.Release|Any CPU.Build.0 = Release|Any CPU
	EndGlobalSection
	GlobalSection(SolutionProperties) = preSolution
		HideSolutionNode = FALSE
	EndGlobalSection
	GlobalSection(ExtensibilityGlobals) = postSolution
		SolutionGuid = {30B71A38-B946-4A5A-9154-9CD0785DE683}
	EndGlobalSection
EndGlobal
